
Microsoft Visual Studio Solution File, Format Version 12.00
# Visual Studio Version 16
VisualStudioVersion = 16.0.29230.47
MinimumVisualStudioVersion = 10.0.40219.1
Project("{FAE04EC0-301F-11D3-BF4B-00C04F79EFBC}") = "HighSchoolManagerAPI", "HighSchoolManagerAPI\HighSchoolManagerAPI.csproj", "{680D36FD-95C9-408F-BABA-D38BE8383323}"
EndProject
Global
	GlobalSection(SolutionConfigurationPlatforms) = preSolution
		Debug|Any CPU = Debug|Any CPU
		Release|Any CPU = Release|Any CPU
	EndGlobalSection
	GlobalSection(ProjectConfigurationPlatforms) = postSolution
		{A73BF4AB-D72E-4F27-93E9-630AC22EF2E7}.Debug|Any CPU.ActiveCfg = Debug|Any CPU
		{A73BF4AB-D72E-4F27-93E9-630AC22EF2E7}.Debug|Any CPU.Build.0 = Debug|Any CPU
		{A73BF4AB-D72E-4F27-93E9-630AC22EF2E7}.Release|Any CPU.ActiveCfg = Release|Any CPU
		{A73BF4AB-D72E-4F27-93E9-630AC22EF2E7}.Release|Any CPU.Build.0 = Release|Any CPU
		{680D36FD-95C9-408F-BABA-D38BE8383323}.Debug|Any CPU.ActiveCfg = Debug|Any CPU
		{680D36FD-95C9-408F-BABA-D38BE8383323}.Debug|Any CPU.Build.0 = Debug|Any CPU
		{680D36FD-95C9-408F-BABA-D38BE8383323}.Release|Any CPU.ActiveCfg = Release|Any CPU
		{680D36FD-95C9-408F-BABA-D38BE8383323}.Release|Any CPU.Build.0 = Release|Any CPU
	EndGlobalSection
	GlobalSection(SolutionProperties) = preSolution
		HideSolutionNode = FALSE
	EndGlobalSection
	GlobalSection(ExtensibilityGlobals) = postSolution
		SolutionGuid = {186AC21F-163A-493F-9229-ACCDF3AA6A97}
	EndGlobalSection
EndGlobal
